
Microsoft Visual Studio Solution File, Format Version 12.00
# Visual Studio Version 17
VisualStudioVersion = 17.14.36930.0 d17.14
MinimumVisualStudioVersion = 10.0.40219.1
Project("{F184B08F-C81C-45F6-A57F-5ABD9991F28F}") = "Chauke Prayer TASK 1 CPROG", "Chauke Prayer TASK 1 CPROG\Chauke Prayer TASK 1 CPROG.vbproj", "{E58C0616-C678-42E9-A251-C1217BAFA3D0}"
EndProject
Global
	GlobalSection(SolutionConfigurationPlatforms) = preSolution
		Debug|Any CPU = Debug|Any CPU
		Release|Any CPU = Release|Any CPU
	EndGlobalSection
	GlobalSection(ProjectConfigurationPlatforms) = postSolution
		{E58C0616-C678-42E9-A251-C1217BAFA3D0}.Debug|Any CPU.ActiveCfg = Debug|Any CPU
		{E58C0616-C678-42E9-A251-C1217BAFA3D0}.Debug|Any CPU.Build.0 = Debug|Any CPU
		{E58C0616-C678-42E9-A251-C1217BAFA3D0}.Release|Any CPU.ActiveCfg = Release|Any CPU
		{E58C0616-C678-42E9-A251-C1217BAFA3D0}.Release|Any CPU.Build.0 = Release|Any CPU
	EndGlobalSection
	GlobalSection(SolutionProperties) = preSolution
		HideSolutionNode = FALSE
	EndGlobalSection
	GlobalSection(ExtensibilityGlobals) = postSolution
		SolutionGuid = {C12BEE1B-EDD1-43F1-8D63-776DF9C31AC2}
	EndGlobalSection
EndGlobal
